
Microsoft Visual Studio Solution File, Format Version 12.00
# Visual Studio 14
VisualStudioVersion = 14.0.25420.1
MinimumVisualStudioVersion = 10.0.40219.1
Project("{FAE04EC0-301F-11D3-BF4B-00C04F79EFBC}") = "SixDegreesOfMarvel.Web", "SixDegreesOfMarvel\SixDegreesOfMarvel.Web.csproj", "{D10A2716-FDB1-4D05-831C-35B2260C86D6}"
	ProjectSection(ProjectDependencies) = postProject
		{547C171E-C31B-4087-946F-827CE7A5BE88} = {547C171E-C31B-4087-946F-827CE7A5BE88}
		{5B697641-226B-4F96-9E38-9C4A33998BAF} = {5B697641-226B-4F96-9E38-9C4A33998BAF}
	EndProjectSection
EndProject
Project("{FAE04EC0-301F-11D3-BF4B-00C04F79EFBC}") = "SixDegreesOfMarvel.Tests", "SixDegreesOfMarvel.Tests\SixDegreesOfMarvel.Tests.csproj", "{B0A10175-455D-4BF2-85FA-966E4E29BF82}"
	ProjectSection(ProjectDependencies) = postProject
		{547C171E-C31B-4087-946F-827CE7A5BE88} = {547C171E-C31B-4087-946F-827CE7A5BE88}
		{5B697641-226B-4F96-9E38-9C4A33998BAF} = {5B697641-226B-4F96-9E38-9C4A33998BAF}
	EndProjectSection
EndProject
Project("{FAE04EC0-301F-11D3-BF4B-00C04F79EFBC}") = "MarvelApi", "MarvelApi\MarvelApi.csproj", "{547C171E-C31B-4087-946F-827CE7A5BE88}"
EndProject
Project("{FAE04EC0-301F-11D3-BF4B-00C04F79EFBC}") = "SixDegreesOfMarvel.Tasks", "SixDegreesOfMarvel.Tasks\SixDegreesOfMarvel.Tasks.csproj", "{5B697641-226B-4F96-9E38-9C4A33998BAF}"
	ProjectSection(ProjectDependencies) = postProject
		{547C171E-C31B-4087-946F-827CE7A5BE88} = {547C171E-C31B-4087-946F-827CE7A5BE88}
	EndProjectSection
EndProject
Project("{FAE04EC0-301F-11D3-BF4B-00C04F79EFBC}") = "SixDegreesOfMarvel.Repository", "SixDegreesOfMarvel.Repository\SixDegreesOfMarvel.Repository.csproj", "{C58BE788-8E4A-4ECF-A67A-A096A83A0461}"
EndProject
Global
	GlobalSection(SolutionConfigurationPlatforms) = preSolution
		Debug|Any CPU = Debug|Any CPU
		Release|Any CPU = Release|Any CPU
	EndGlobalSection
	GlobalSection(ProjectConfigurationPlatforms) = postSolution
		{D10A2716-FDB1-4D05-831C-35B2260C86D6}.Debug|Any CPU.ActiveCfg = Debug|Any CPU
		{D10A2716-FDB1-4D05-831C-35B2260C86D6}.Debug|Any CPU.Build.0 = Debug|Any CPU
		{D10A2716-FDB1-4D05-831C-35B2260C86D6}.Release|Any CPU.ActiveCfg = Release|Any CPU
		{D10A2716-FDB1-4D05-831C-35B2260C86D6}.Release|Any CPU.Build.0 = Release|Any CPU
		{B0A10175-455D-4BF2-85FA-966E4E29BF82}.Debug|Any CPU.ActiveCfg = Debug|Any CPU
		{B0A10175-455D-4BF2-85FA-966E4E29BF82}.Debug|Any CPU.Build.0 = Debug|Any CPU
		{B0A10175-455D-4BF2-85FA-966E4E29BF82}.Release|Any CPU.ActiveCfg = Release|Any CPU
		{B0A10175-455D-4BF2-85FA-966E4E29BF82}.Release|Any CPU.Build.0 = Release|Any CPU
		{547C171E-C31B-4087-946F-827CE7A5BE88}.Debug|Any CPU.ActiveCfg = Debug|Any CPU
		{547C171E-C31B-4087-946F-827CE7A5BE88}.Debug|Any CPU.Build.0 = Debug|Any CPU
		{547C171E-C31B-4087-946F-827CE7A5BE88}.Release|Any CPU.ActiveCfg = Release|Any CPU
		{547C171E-C31B-4087-946F-827CE7A5BE88}.Release|Any CPU.Build.0 = Release|Any CPU
		{5B697641-226B-4F96-9E38-9C4A33998BAF}.Debug|Any CPU.ActiveCfg = Debug|Any CPU
		{5B697641-226B-4F96-9E38-9C4A33998BAF}.Debug|Any CPU.Build.0 = Debug|Any CPU
		{5B697641-226B-4F96-9E38-9C4A33998BAF}.Release|Any CPU.ActiveCfg = Release|Any CPU
		{5B697641-226B-4F96-9E38-9C4A33998BAF}.Release|Any CPU.Build.0 = Release|Any CPU
		{C58BE788-8E4A-4ECF-A67A-A096A83A0461}.Debug|Any CPU.ActiveCfg = Debug|Any CPU
		{C58BE788-8E4A-4ECF-A67A-A096A83A0461}.Debug|Any CPU.Build.0 = Debug|Any CPU
		{C58BE788-8E4A-4ECF-A67A-A096A83A0461}.Release|Any CPU.ActiveCfg = Release|Any CPU
		{C58BE788-8E4A-4ECF-A67A-A096A83A0461}.Release|Any CPU.Build.0 = Release|Any CPU
	EndGlobalSection
	GlobalSection(SolutionProperties) = preSolution
		HideSolutionNode = FALSE
	EndGlobalSection
EndGlobal
